
Microsoft Visual Studio Solution File, Format Version 12.00
# Visual Studio Version 17
VisualStudioVersion = 17.6.33723.286
MinimumVisualStudioVersion = 10.0.40219.1
Project("{FAE04EC0-301F-11D3-BF4B-00C04F79EFBC}") = "week3homework", "week3homework\week3homework.csproj", "{07BDC41C-1544-4F86-889E-830E0AC2D60B}"
EndProject
Global
	GlobalSection(SolutionConfigurationPlatforms) = preSolution
		Debug|Any CPU = Debug|Any CPU
		Release|Any CPU = Release|Any CPU
	EndGlobalSection
	GlobalSection(ProjectConfigurationPlatforms) = postSolution
		{07BDC41C-1544-4F86-889E-830E0AC2D60B}.Debug|Any CPU.ActiveCfg = Debug|Any CPU
		{07BDC41C-1544-4F86-889E-830E0AC2D60B}.Debug|Any CPU.Build.0 = Debug|Any CPU
		{07BDC41C-1544-4F86-889E-830E0AC2D60B}.Release|Any CPU.ActiveCfg = Release|Any CPU
		{07BDC41C-1544-4F86-889E-830E0AC2D60B}.Release|Any CPU.Build.0 = Release|Any CPU
	EndGlobalSection
	GlobalSection(SolutionProperties) = preSolution
		HideSolutionNode = FALSE
	EndGlobalSection
	GlobalSection(ExtensibilityGlobals) = postSolution
		SolutionGuid = {8F391FAE-3181-4A62-A44E-D76A1DB4BEDB}
	EndGlobalSection
EndGlobal
