
Microsoft Visual Studio Solution File, Format Version 12.00
# Visual Studio Version 17
VisualStudioVersion = 17.6.33723.286
MinimumVisualStudioVersion = 10.0.40219.1
Project("{FAE04EC0-301F-11D3-BF4B-00C04F79EFBC}") = "ConsoleApp14", "ConsoleApp14\ConsoleApp14.csproj", "{2E75D81F-B77A-4C28-9450-F10296213E97}"
EndProject
Global
	GlobalSection(SolutionConfigurationPlatforms) = preSolution
		Debug|Any CPU = Debug|Any CPU
		Release|Any CPU = Release|Any CPU
	EndGlobalSection
	GlobalSection(ProjectConfigurationPlatforms) = postSolution
		{2E75D81F-B77A-4C28-9450-F10296213E97}.Debug|Any CPU.ActiveCfg = Debug|Any CPU
		{2E75D81F-B77A-4C28-9450-F10296213E97}.Debug|Any CPU.Build.0 = Debug|Any CPU
		{2E75D81F-B77A-4C28-9450-F10296213E97}.Release|Any CPU.ActiveCfg = Release|Any CPU
		{2E75D81F-B77A-4C28-9450-F10296213E97}.Release|Any CPU.Build.0 = Release|Any CPU
	EndGlobalSection
	GlobalSection(SolutionProperties) = preSolution
		HideSolutionNode = FALSE
	EndGlobalSection
	GlobalSection(ExtensibilityGlobals) = postSolution
		SolutionGuid = {154E2F1A-277E-4385-89EC-FF28AB85C011}
	EndGlobalSection
EndGlobal
