
Microsoft Visual Studio Solution File, Format Version 12.00
# Visual Studio Version 17
VisualStudioVersion = 17.6.33723.286
MinimumVisualStudioVersion = 10.0.40219.1
Project("{FAE04EC0-301F-11D3-BF4B-00C04F79EFBC}") = "tema2s2", "tema2s2\tema2s2.csproj", "{1F72EE46-EFA7-4D5D-BA5D-5E00529430C4}"
EndProject
Global
	GlobalSection(SolutionConfigurationPlatforms) = preSolution
		Debug|Any CPU = Debug|Any CPU
		Release|Any CPU = Release|Any CPU
	EndGlobalSection
	GlobalSection(ProjectConfigurationPlatforms) = postSolution
		{1F72EE46-EFA7-4D5D-BA5D-5E00529430C4}.Debug|Any CPU.ActiveCfg = Debug|Any CPU
		{1F72EE46-EFA7-4D5D-BA5D-5E00529430C4}.Debug|Any CPU.Build.0 = Debug|Any CPU
		{1F72EE46-EFA7-4D5D-BA5D-5E00529430C4}.Release|Any CPU.ActiveCfg = Release|Any CPU
		{1F72EE46-EFA7-4D5D-BA5D-5E00529430C4}.Release|Any CPU.Build.0 = Release|Any CPU
	EndGlobalSection
	GlobalSection(SolutionProperties) = preSolution
		HideSolutionNode = FALSE
	EndGlobalSection
	GlobalSection(ExtensibilityGlobals) = postSolution
		SolutionGuid = {E39CFF41-618E-41C8-ABEF-2E7452B2B12C}
	EndGlobalSection
EndGlobal
