
Microsoft Visual Studio Solution File, Format Version 12.00
# Visual Studio Version 17
VisualStudioVersion = 17.6.33723.286
MinimumVisualStudioVersion = 10.0.40219.1
Project("{FAE04EC0-301F-11D3-BF4B-00C04F79EFBC}") = "tema1sapt2", "tema1sapt2\tema1sapt2.csproj", "{EF6CB163-D9F2-47FC-9B67-E406EB15DF01}"
EndProject
Global
	GlobalSection(SolutionConfigurationPlatforms) = preSolution
		Debug|Any CPU = Debug|Any CPU
		Release|Any CPU = Release|Any CPU
	EndGlobalSection
	GlobalSection(ProjectConfigurationPlatforms) = postSolution
		{EF6CB163-D9F2-47FC-9B67-E406EB15DF01}.Debug|Any CPU.ActiveCfg = Debug|Any CPU
		{EF6CB163-D9F2-47FC-9B67-E406EB15DF01}.Debug|Any CPU.Build.0 = Debug|Any CPU
		{EF6CB163-D9F2-47FC-9B67-E406EB15DF01}.Release|Any CPU.ActiveCfg = Release|Any CPU
		{EF6CB163-D9F2-47FC-9B67-E406EB15DF01}.Release|Any CPU.Build.0 = Release|Any CPU
	EndGlobalSection
	GlobalSection(SolutionProperties) = preSolution
		HideSolutionNode = FALSE
	EndGlobalSection
	GlobalSection(ExtensibilityGlobals) = postSolution
		SolutionGuid = {E239936C-F456-49C4-A4FD-E006C0C987F9}
	EndGlobalSection
EndGlobal
